github.com/blang/mpv v0.0.0-20160810175505-d56d7352e068 h1:P3ukpA1t7dgNIfe21LpB+zIBDQ1Dik9K1DMPdO/TcUA=
github.com/blang/mpv v0.0.0-20160810175505-d56d7352e068/go.mod h1:E3TTEJpVApQMkhVk3Lr0sAmcbcclY3pGgPbRsy+rdlk=
github.com/dhowden/tag v0.0.0-20201120070457-d52dcb253c63 h1:/u5RVRk3Nh7Zw1QQnPtUH5kzcc8JmSSRpHSlGU/zGTE=
github.com/dhowden/tag v0.0.0-20201120070457-d52dcb253c63/go.mod h1:SniNVYuaD1jmdEEvi+7ywb1QFR7agjeTdGKyFb0p7Rw=
github.com/juju/fslock v0.0.0-20160525022230-4d5c94c67b4b h1:FQ7+9fxhyp82ks9vAuyPzG0/vVbWwMwLJ+P6yJI5FN8=
github.com/juju/fslock v0.0.0-20160525022230-4d5c94c67b4b/go.mod h1:HMcgvsgd0Fjj4XXDkbjdmlbI505rUPBs6WBMYg2pXks=
github.com/kr/pretty v0.2.1 h1:Fmg33tUaq4/8ym9TJN1x7sLJnHVwhP33CNkpYV/7rwI=
github.com/kr/pretty v0.2.1/go.mod h1:ipq/a2n7PKx3OHsz4KJII5eveXtPO4qwEXGdVfWzfnI=
github.com/kr/pty v1.1.1/go.mod h1:pFQYn66WHrOpPYNljwOMqo10TkYh1fy3cYio2l3bCsQ=
github.com/kr/text v0.1.0 h1:45sCR5RtlFHMR4UwH9sdQ5TC8v0qDQCHnXt+kaKSTVE=
github.com/kr/text v0.1.0/go.mod h1:4Jbv+DJW3UT/LiOwJeYQe1efqtUx/iVham/4vfdArNI=
github.com/rthornton128/goncurses v0.0.0-20210908011339-931b33a34c71 h1:1lA/ljJAwqsNo7HHUG7M4XY9dkp6aYnnW5Tglh7bEgA=
github.com/rthornton128/goncurses v0.0.0-20210908011339-931b33a34c71/go.mod h1:AHlKFomPTwmO7H2vL8d7VNrQNQmhMi/DBhDnHRhjbCo=
golang.org/x/crypto v0.0.0-20210921155107-089bfa567519 h1:7I4JAnoQBe7ZtJcBaYHi5UtiO8tQHbUSXxL+pnGRANg=
golang.org/x/crypto v0.0.0-20210921155107-089bfa567519/go.mod h1:GvvjBRRGRdwPK5ydBHafDWAxML/pGHZbMvKqRZ5+Abc=
golang.org/x/net v0.0.0-20210226172049-e18ecbb05110/go.mod h1:m0MpNAwzfU5UDzcl9v0D8zg8gWTRqZa9RBIspLL5mdg=
golang.org/x/sys v0.0.0-20201119102817-f84b799fce68/go.mod h1:h1NjWce9XRLGQEsW7wpKNCjG9DtNlClVuFLEZdDNbEs=
golang.org/x/sys v0.0.0-20210615035016-665e8c7367d1 h1:SrN+KX8Art/Sf4HNj6Zcz06G7VEz+7w9tdXTPOZ7+l4=
golang.org/x/sys v0.0.0-20210615035016-665e8c7367d1/go.mod h1:oPkhp1MJrh7nUepCBck5+mAzfO9JrbApNNgaTdGDITg=
golang.org/x/term v0.0.0-20201126162022-7de9c90e9dd1 h1:v+OssWQX+hTHEmOBgwxdZxK4zHq3yOs8F9J7mk0PY8E=
golang.org/x/term v0.0.0-20201126162022-7de9c90e9dd1/go.mod h1:bj7SfCRtBDWHUb9snDiAeCFNEtKQo2Wmx5Cou7ajbmo=
golang.org/x/text v0.3.3/go.mod h1:5Zoc/QRtKVWzQhOtBMvqHzDpF6irO9z98xDceosuGiQ=
golang.org/x/tools v0.0.0-20180917221912-90fa682c2a6e/go.mod h1:n7NCudcB/nEzxVGmLbDWY5pfWTLqBcC2KZ6jyYvM4mQ=
gopkg.in/check.v1 v1.0.0-20201130134442-10cb98267c6c h1:Hei/4ADfdWqJk1ZMxUNpqntNwaWcugrBjAiHlqqRiVk=
gopkg.in/check.v1 v1.0.0-20201130134442-10cb98267c6c/go.mod h1:JHkPIbrfpd72SG/EVd6muEfDQjcINNoR0C8j2r3qZ4Q=
